Microsoft Visual Studio Solution File, Format Version 11.00
# Visual Studio 2008

Project("{978DEAB5-7C0D-D25E-414B-EAABB2F2B955}") = "GeometrySynth", "Assembly-CSharp.csproj", "{E2ED0DC4-DBEB-7FFC-2B65-EEA1096D96D9}"
EndProject
Global
	GlobalSection(SolutionConfigurationPlatforms) = preSolution
		Debug|Any CPU = Debug|Any CPU
		Release|Any CPU = Release|Any CPU
	EndGlobalSection
	GlobalSection(ProjectConfigurationPlatforms) = postSolution
		{E2ED0DC4-DBEB-7FFC-2B65-EEA1096D96D9}.Debug|Any CPU.ActiveCfg = Debug|Any CPU
		{E2ED0DC4-DBEB-7FFC-2B65-EEA1096D96D9}.Debug|Any CPU.Build.0 = Debug|Any CPU
		{E2ED0DC4-DBEB-7FFC-2B65-EEA1096D96D9}.Release|Any CPU.ActiveCfg = Release|Any CPU
		{E2ED0DC4-DBEB-7FFC-2B65-EEA1096D96D9}.Release|Any CPU.Build.0 = Release|Any CPU
	EndGlobalSection
	GlobalSection(SolutionProperties) = preSolution
		HideSolutionNode = FALSE
	EndGlobalSection
	GlobalSection(MonoDevelopProperties) = preSolution
		StartupItem = Assembly-CSharp.csproj
	EndGlobalSection
EndGlobal
